
Microsoft Visual Studio Solution File, Format Version 11.00
# Visual Studio 2010
Project("{8BC9CEB8-8B4A-11D0-8D11-00A0C91BC942}") = "BazisVirtualCDBus", "BazisVirtualCDBus.vcxproj", "{4640A310-51DE-4164-92ED-1087BB73F109}"
EndProject
Project("{8BC9CEB8-8B4A-11D0-8D11-00A0C91BC942}") = "bzscore", "..\..\..\..\sysprogs\bzslib\bzscore\bzscore.vcxproj", "{A009693F-AADD-42CF-8E6E-F7BBF5601E5C}"
EndProject
Project("{8BC9CEB8-8B4A-11D0-8D11-00A0C91BC942}") = "bzshlp", "..\..\..\..\sysprogs\bzslib\bzshlp\bzshlp.vcxproj", "{443B5C7D-6675-4A16-A297-E8653EEE39AD}"
EndProject
Project("{8BC9CEB8-8B4A-11D0-8D11-00A0C91BC942}") = "ImageFormats", "..\ImageFormats\ImageFormats.vcxproj", "{3F40A297-EDF8-4B57-9AC1-AE67BB5C9F38}"
EndProject
Global
	GlobalSection(SolutionConfigurationPlatforms) = preSolution
		Debug (KEXT)|Win32 = Debug (KEXT)|Win32
		Debug (KEXT)|x64 = Debug (KEXT)|x64
		Debug (Posix)|Win32 = Debug (Posix)|Win32
		Debug (Posix)|x64 = Debug (Posix)|x64
		Debug (user-mode)|Win32 = Debug (user-mode)|Win32
		Debug (user-mode)|x64 = Debug (user-mode)|x64
		Debug (Win32)|Win32 = Debug (Win32)|Win32
		Debug (Win32)|x64 = Debug (Win32)|x64
		Debug (WinKernel)|Win32 = Debug (WinKernel)|Win32
		Debug (WinKernel)|x64 = Debug (WinKernel)|x64
		Debug|Win32 = Debug|Win32
		Debug|x64 = Debug|x64
		Release (ANSI)|Win32 = Release (ANSI)|Win32
		Release (ANSI)|x64 = Release (ANSI)|x64
		Release (Posix)|Win32 = Release (Posix)|Win32
		Release (Posix)|x64 = Release (Posix)|x64
		Release (user-mode)|Win32 = Release (user-mode)|Win32
		Release (user-mode)|x64 = Release (user-mode)|x64
		Release (Win32)|Win32 = Release (Win32)|Win32
		Release (Win32)|x64 = Release (Win32)|x64
		Release (WinKernel)|Win32 = Release (WinKernel)|Win32
		Release (WinKernel)|x64 = Release (WinKernel)|x64
		Release|Win32 = Release|Win32
		Release|x64 = Release|x64
	EndGlobalSection
	GlobalSection(ProjectConfigurationPlatforms) = postSolution
		{4640A310-51DE-4164-92ED-1087BB73F109}.Debug (KEXT)|Win32.ActiveCfg = Debug|x64
		{4640A310-51DE-4164-92ED-1087BB73F109}.Debug (KEXT)|x64.ActiveCfg = Debug|x64
		{4640A310-51DE-4164-92ED-1087BB73F109}.Debug (KEXT)|x64.Build.0 = Debug|x64
		{4640A310-51DE-4164-92ED-1087BB73F109}.Debug (Posix)|Win32.ActiveCfg = Debug|x64
		{4640A310-51DE-4164-92ED-1087BB73F109}.Debug (Posix)|x64.ActiveCfg = Debug|x64
		{4640A310-51DE-4164-92ED-1087BB73F109}.Debug (Posix)|x64.Build.0 = Debug|x64
		{4640A310-51DE-4164-92ED-1087BB73F109}.Debug (user-mode)|Win32.ActiveCfg = Debug|x64
		{4640A310-51DE-4164-92ED-1087BB73F109}.Debug (user-mode)|x64.ActiveCfg = Debug|x64
		{4640A310-51DE-4164-92ED-1087BB73F109}.Debug (user-mode)|x64.Build.0 = Debug|x64
		{4640A310-51DE-4164-92ED-1087BB73F109}.Debug (Win32)|Win32.ActiveCfg = Debug|x64
		{4640A310-51DE-4164-92ED-1087BB73F109}.Debug (Win32)|x64.ActiveCfg = Debug|x64
		{4640A310-51DE-4164-92ED-1087BB73F109}.Debug (Win32)|x64.Build.0 = Debug|x64
		{4640A310-51DE-4164-92ED-1087BB73F109}.Debug (WinKernel)|Win32.ActiveCfg = Debug|x64
		{4640A310-51DE-4164-92ED-1087BB73F109}.Debug (WinKernel)|x64.ActiveCfg = Debug|x64
		{4640A310-51DE-4164-92ED-1087BB73F109}.Debug (WinKernel)|x64.Build.0 = Debug|x64
		{4640A310-51DE-4164-92ED-1087BB73F109}.Debug|Win32.ActiveCfg = Debug|Win32
		{4640A310-51DE-4164-92ED-1087BB73F109}.Debug|Win32.Build.0 = Debug|Win32
		{4640A310-51DE-4164-92ED-1087BB73F109}.Debug|x64.ActiveCfg = Debug|x64
		{4640A310-51DE-4164-92ED-1087BB73F109}.Debug|x64.Build.0 = Debug|x64
		{4640A310-51DE-4164-92ED-1087BB73F109}.Release (ANSI)|Win32.ActiveCfg = Release|x64
		{4640A310-51DE-4164-92ED-1087BB73F109}.Release (ANSI)|x64.ActiveCfg = Release|x64
		{4640A310-51DE-4164-92ED-1087BB73F109}.Release (ANSI)|x64.Build.0 = Release|x64
		{4640A310-51DE-4164-92ED-1087BB73F109}.Release (Posix)|Win32.ActiveCfg = Release|x64
		{4640A310-51DE-4164-92ED-1087BB73F109}.Release (Posix)|x64.ActiveCfg = Release|x64
		{4640A310-51DE-4164-92ED-1087BB73F109}.Release (Posix)|x64.Build.0 = Release|x64
		{4640A310-51DE-4164-92ED-1087BB73F109}.Release (user-mode)|Win32.ActiveCfg = Release|x64
		{4640A310-51DE-4164-92ED-1087BB73F109}.Release (user-mode)|x64.ActiveCfg = Release|x64
		{4640A310-51DE-4164-92ED-1087BB73F109}.Release (user-mode)|x64.Build.0 = Release|x64
		{4640A310-51DE-4164-92ED-1087BB73F109}.Release (Win32)|Win32.ActiveCfg = Release|x64
		{4640A310-51DE-4164-92ED-1087BB73F109}.Release (Win32)|x64.ActiveCfg = Release|x64
		{4640A310-51DE-4164-92ED-1087BB73F109}.Release (Win32)|x64.Build.0 = Release|x64
		{4640A310-51DE-4164-92ED-1087BB73F109}.Release (WinKernel)|Win32.ActiveCfg = Release|x64
		{4640A310-51DE-4164-92ED-1087BB73F109}.Release (WinKernel)|x64.ActiveCfg = Release|x64
		{4640A310-51DE-4164-92ED-1087BB73F109}.Release (WinKernel)|x64.Build.0 = Release|x64
		{4640A310-51DE-4164-92ED-1087BB73F109}.Release|Win32.ActiveCfg = Release|Win32
		{4640A310-51DE-4164-92ED-1087BB73F109}.Release|Win32.Build.0 = Release|Win32
		{4640A310-51DE-4164-92ED-1087BB73F109}.Release|x64.ActiveCfg = Release|x64
		{4640A310-51DE-4164-92ED-1087BB73F109}.Release|x64.Build.0 = Release|x64
		{A009693F-AADD-42CF-8E6E-F7BBF5601E5C}.Debug (KEXT)|Win32.ActiveCfg = Debug (KEXT)|Win32
		{A009693F-AADD-42CF-8E6E-F7BBF5601E5C}.Debug (KEXT)|Win32.Build.0 = Debug (KEXT)|Win32
		{A009693F-AADD-42CF-8E6E-F7BBF5601E5C}.Debug (KEXT)|x64.ActiveCfg = Debug (KEXT)|x64
		{A009693F-AADD-42CF-8E6E-F7BBF5601E5C}.Debug (KEXT)|x64.Build.0 = Debug (KEXT)|x64
		{A009693F-AADD-42CF-8E6E-F7BBF5601E5C}.Debug (Posix)|Win32.ActiveCfg = Debug (Posix)|Win32
		{A009693F-AADD-42CF-8E6E-F7BBF5601E5C}.Debug (Posix)|Win32.Build.0 = Debug (Posix)|Win32
		{A009693F-AADD-42CF-8E6E-F7BBF5601E5C}.Debug (Posix)|x64.ActiveCfg = Debug (Posix)|x64
		{A009693F-AADD-42CF-8E6E-F7BBF5601E5C}.Debug (Posix)|x64.Build.0 = Debug (Posix)|x64
		{A009693F-AADD-42CF-8E6E-F7BBF5601E5C}.Debug (user-mode)|Win32.ActiveCfg = Debug (WinKernel)|x64
		{A009693F-AADD-42CF-8E6E-F7BBF5601E5C}.Debug (user-mode)|x64.ActiveCfg = Debug (WinKernel)|x64
		{A009693F-AADD-42CF-8E6E-F7BBF5601E5C}.Debug (user-mode)|x64.Build.0 = Debug (WinKernel)|x64
		{A009693F-AADD-42CF-8E6E-F7BBF5601E5C}.Debug (Win32)|Win32.ActiveCfg = Debug (Win32)|Win32
		{A009693F-AADD-42CF-8E6E-F7BBF5601E5C}.Debug (Win32)|Win32.Build.0 = Debug (Win32)|Win32
		{A009693F-AADD-42CF-8E6E-F7BBF5601E5C}.Debug (Win32)|x64.ActiveCfg = Debug (Win32)|x64
		{A009693F-AADD-42CF-8E6E-F7BBF5601E5C}.Debug (Win32)|x64.Build.0 = Debug (Win32)|x64
		{A009693F-AADD-42CF-8E6E-F7BBF5601E5C}.Debug (WinKernel)|Win32.ActiveCfg = Debug (WinKernel)|Win32
		{A009693F-AADD-42CF-8E6E-F7BBF5601E5C}.Debug (WinKernel)|Win32.Build.0 = Debug (WinKernel)|Win32
		{A009693F-AADD-42CF-8E6E-F7BBF5601E5C}.Debug (WinKernel)|x64.ActiveCfg = Debug (WinKernel)|x64
		{A009693F-AADD-42CF-8E6E-F7BBF5601E5C}.Debug (WinKernel)|x64.Build.0 = Debug (WinKernel)|x64
		{A009693F-AADD-42CF-8E6E-F7BBF5601E5C}.Debug|Win32.ActiveCfg = Debug (WinKernel)|Win32
		{A009693F-AADD-42CF-8E6E-F7BBF5601E5C}.Debug|Win32.Build.0 = Debug (WinKernel)|Win32
		{A009693F-AADD-42CF-8E6E-F7BBF5601E5C}.Debug|x64.ActiveCfg = Debug (WinKernel)|x64
		{A009693F-AADD-42CF-8E6E-F7BBF5601E5C}.Debug|x64.Build.0 = Debug (WinKernel)|x64
		{A009693F-AADD-42CF-8E6E-F7BBF5601E5C}.Release (ANSI)|Win32.ActiveCfg = Release (ANSI)|Win32
		{A009693F-AADD-42CF-8E6E-F7BBF5601E5C}.Release (ANSI)|Win32.Build.0 = Release (ANSI)|Win32
		{A009693F-AADD-42CF-8E6E-F7BBF5601E5C}.Release (ANSI)|x64.ActiveCfg = Release (ANSI)|x64
		{A009693F-AADD-42CF-8E6E-F7BBF5601E5C}.Release (ANSI)|x64.Build.0 = Release (ANSI)|x64
		{A009693F-AADD-42CF-8E6E-F7BBF5601E5C}.Release (Posix)|Win32.ActiveCfg = Release (Posix)|Win32
		{A009693F-AADD-42CF-8E6E-F7BBF5601E5C}.Release (Posix)|Win32.Build.0 = Release (Posix)|Win32
		{A009693F-AADD-42CF-8E6E-F7BBF5601E5C}.Release (Posix)|x64.ActiveCfg = Release (Posix)|x64
		{A009693F-AADD-42CF-8E6E-F7BBF5601E5C}.Release (Posix)|x64.Build.0 = Release (Posix)|x64
		{A009693F-AADD-42CF-8E6E-F7BBF5601E5C}.Release (user-mode)|Win32.ActiveCfg = Release (WinKernel)|x64
		{A009693F-AADD-42CF-8E6E-F7BBF5601E5C}.Release (user-mode)|x64.ActiveCfg = Release (WinKernel)|x64
		{A009693F-AADD-42CF-8E6E-F7BBF5601E5C}.Release (user-mode)|x64.Build.0 = Release (WinKernel)|x64
		{A009693F-AADD-42CF-8E6E-F7BBF5601E5C}.Release (Win32)|Win32.ActiveCfg = Release (Win32)|Win32
		{A009693F-AADD-42CF-8E6E-F7BBF5601E5C}.Release (Win32)|Win32.Build.0 = Release (Win32)|Win32
		{A009693F-AADD-42CF-8E6E-F7BBF5601E5C}.Release (Win32)|x64.ActiveCfg = Release (Win32)|x64
		{A009693F-AADD-42CF-8E6E-F7BBF5601E5C}.Release (Win32)|x64.Build.0 = Release (Win32)|x64
		{A009693F-AADD-42CF-8E6E-F7BBF5601E5C}.Release (WinKernel)|Win32.ActiveCfg = Release (WinKernel)|Win32
		{A009693F-AADD-42CF-8E6E-F7BBF5601E5C}.Release (WinKernel)|Win32.Build.0 = Release (WinKernel)|Win32
		{A009693F-AADD-42CF-8E6E-F7BBF5601E5C}.Release (WinKernel)|x64.ActiveCfg = Release (WinKernel)|x64
		{A009693F-AADD-42CF-8E6E-F7BBF5601E5C}.Release (WinKernel)|x64.Build.0 = Release (WinKernel)|x64
		{A009693F-AADD-42CF-8E6E-F7BBF5601E5C}.Release|Win32.ActiveCfg = Release (WinKernel)|x64
		{A009693F-AADD-42CF-8E6E-F7BBF5601E5C}.Release|x64.ActiveCfg = Release (WinKernel)|x64
		{A009693F-AADD-42CF-8E6E-F7BBF5601E5C}.Release|x64.Build.0 = Release (WinKernel)|x64
		{443B5C7D-6675-4A16-A297-E8653EEE39AD}.Debug (KEXT)|Win32.ActiveCfg = Debug (WinKernel)|x64
		{443B5C7D-6675-4A16-A297-E8653EEE39AD}.Debug (KEXT)|x64.ActiveCfg = Debug (WinKernel)|x64
		{443B5C7D-6675-4A16-A297-E8653EEE39AD}.Debug (KEXT)|x64.Build.0 = Debug (WinKernel)|x64
		{443B5C7D-6675-4A16-A297-E8653EEE39AD}.Debug (Posix)|Win32.ActiveCfg = Debug (Posix)|Win32
		{443B5C7D-6675-4A16-A297-E8653EEE39AD}.Debug (Posix)|Win32.Build.0 = Debug (Posix)|Win32
		{443B5C7D-6675-4A16-A297-E8653EEE39AD}.Debug (Posix)|x64.ActiveCfg = Debug (Posix)|x64
		{443B5C7D-6675-4A16-A297-E8653EEE39AD}.Debug (Posix)|x64.Build.0 = Debug (Posix)|x64
		{443B5C7D-6675-4A16-A297-E8653EEE39AD}.Debug (user-mode)|Win32.ActiveCfg = Debug (WinKernel)|x64
		{443B5C7D-6675-4A16-A297-E8653EEE39AD}.Debug (user-mode)|x64.ActiveCfg = Debug (WinKernel)|x64
		{443B5C7D-6675-4A16-A297-E8653EEE39AD}.Debug (user-mode)|x64.Build.0 = Debug (WinKernel)|x64
		{443B5C7D-6675-4A16-A297-E8653EEE39AD}.Debug (Win32)|Win32.ActiveCfg = Debug (Win32)|Win32
		{443B5C7D-6675-4A16-A297-E8653EEE39AD}.Debug (Win32)|Win32.Build.0 = Debug (Win32)|Win32
		{443B5C7D-6675-4A16-A297-E8653EEE39AD}.Debug (Win32)|x64.ActiveCfg = Debug (Win32)|x64
		{443B5C7D-6675-4A16-A297-E8653EEE39AD}.Debug (Win32)|x64.Build.0 = Debug (Win32)|x64
		{443B5C7D-6675-4A16-A297-E8653EEE39AD}.Debug (WinKernel)|Win32.ActiveCfg = Debug (WinKernel)|Win32
		{443B5C7D-6675-4A16-A297-E8653EEE39AD}.Debug (WinKernel)|Win32.Build.0 = Debug (WinKernel)|Win32
		{443B5C7D-6675-4A16-A297-E8653EEE39AD}.Debug (WinKernel)|x64.ActiveCfg = Debug (WinKernel)|x64
		{443B5C7D-6675-4A16-A297-E8653EEE39AD}.Debug (WinKernel)|x64.Build.0 = Debug (WinKernel)|x64
		{443B5C7D-6675-4A16-A297-E8653EEE39AD}.Debug|Win32.ActiveCfg = Debug (WinKernel)|Win32
		{443B5C7D-6675-4A16-A297-E8653EEE39AD}.Debug|Win32.Build.0 = Debug (WinKernel)|Win32
		{443B5C7D-6675-4A16-A297-E8653EEE39AD}.Debug|x64.ActiveCfg = Debug (WinKernel)|x64
		{443B5C7D-6675-4A16-A297-E8653EEE39AD}.Debug|x64.Build.0 = Debug (WinKernel)|x64
		{443B5C7D-6675-4A16-A297-E8653EEE39AD}.Release (ANSI)|Win32.ActiveCfg = Release (ANSI)|Win32
		{443B5C7D-6675-4A16-A297-E8653EEE39AD}.Release (ANSI)|Win32.Build.0 = Release (ANSI)|Win32
		{443B5C7D-6675-4A16-A297-E8653EEE39AD}.Release (ANSI)|x64.ActiveCfg = Release (ANSI)|x64
		{443B5C7D-6675-4A16-A297-E8653EEE39AD}.Release (ANSI)|x64.Build.0 = Release (ANSI)|x64
		{443B5C7D-6675-4A16-A297-E8653EEE39AD}.Release (Posix)|Win32.ActiveCfg = Release (Posix)|Win32
		{443B5C7D-6675-4A16-A297-E8653EEE39AD}.Release (Posix)|Win32.Build.0 = Release (Posix)|Win32
		{443B5C7D-6675-4A16-A297-E8653EEE39AD}.Release (Posix)|x64.ActiveCfg = Release (Posix)|x64
		{443B5C7D-6675-4A16-A297-E8653EEE39AD}.Release (Posix)|x64.Build.0 = Release (Posix)|x64
		{443B5C7D-6675-4A16-A297-E8653EEE39AD}.Release (user-mode)|Win32.ActiveCfg = Release (WinKernel)|x64
		{443B5C7D-6675-4A16-A297-E8653EEE39AD}.Release (user-mode)|x64.ActiveCfg = Release (WinKernel)|x64
		{443B5C7D-6675-4A16-A297-E8653EEE39AD}.Release (user-mode)|x64.Build.0 = Release (WinKernel)|x64
		{443B5C7D-6675-4A16-A297-E8653EEE39AD}.Release (Win32)|Win32.ActiveCfg = Release (Win32)|Win32
		{443B5C7D-6675-4A16-A297-E8653EEE39AD}.Release (Win32)|Win32.Build.0 = Release (Win32)|Win32
		{443B5C7D-6675-4A16-A297-E8653EEE39AD}.Release (Win32)|x64.ActiveCfg = Release (Win32)|x64
		{443B5C7D-6675-4A16-A297-E8653EEE39AD}.Release (Win32)|x64.Build.0 = Release (Win32)|x64
		{443B5C7D-6675-4A16-A297-E8653EEE39AD}.Release (WinKernel)|Win32.ActiveCfg = Release (WinKernel)|Win32
		{443B5C7D-6675-4A16-A297-E8653EEE39AD}.Release (WinKernel)|Win32.Build.0 = Release (WinKernel)|Win32
		{443B5C7D-6675-4A16-A297-E8653EEE39AD}.Release (WinKernel)|x64.ActiveCfg = Release (WinKernel)|x64
		{443B5C7D-6675-4A16-A297-E8653EEE39AD}.Release (WinKernel)|x64.Build.0 = Release (WinKernel)|x64
		{443B5C7D-6675-4A16-A297-E8653EEE39AD}.Release|Win32.ActiveCfg = Release (WinKernel)|x64
		{443B5C7D-6675-4A16-A297-E8653EEE39AD}.Release|x64.ActiveCfg = Release (WinKernel)|x64
		{443B5C7D-6675-4A16-A297-E8653EEE39AD}.Release|x64.Build.0 = Release (WinKernel)|x64
		{3F40A297-EDF8-4B57-9AC1-AE67BB5C9F38}.Debug (KEXT)|Win32.ActiveCfg = Debug (user-mode)|x64
		{3F40A297-EDF8-4B57-9AC1-AE67BB5C9F38}.Debug (KEXT)|x64.ActiveCfg = Debug (user-mode)|x64
		{3F40A297-EDF8-4B57-9AC1-AE67BB5C9F38}.Debug (KEXT)|x64.Build.0 = Debug (user-mode)|x64
		{3F40A297-EDF8-4B57-9AC1-AE67BB5C9F38}.Debug (Posix)|Win32.ActiveCfg = Debug (user-mode)|x64
		{3F40A297-EDF8-4B57-9AC1-AE67BB5C9F38}.Debug (Posix)|x64.ActiveCfg = Debug (user-mode)|x64
		{3F40A297-EDF8-4B57-9AC1-AE67BB5C9F38}.Debug (Posix)|x64.Build.0 = Debug (user-mode)|x64
		{3F40A297-EDF8-4B57-9AC1-AE67BB5C9F38}.Debug (user-mode)|Win32.ActiveCfg = Debug (user-mode)|Win32
		{3F40A297-EDF8-4B57-9AC1-AE67BB5C9F38}.Debug (user-mode)|Win32.Build.0 = Debug (user-mode)|Win32
		{3F40A297-EDF8-4B57-9AC1-AE67BB5C9F38}.Debug (user-mode)|x64.ActiveCfg = Debug (user-mode)|x64
		{3F40A297-EDF8-4B57-9AC1-AE67BB5C9F38}.Debug (user-mode)|x64.Build.0 = Debug (user-mode)|x64
		{3F40A297-EDF8-4B57-9AC1-AE67BB5C9F38}.Debug (Win32)|Win32.ActiveCfg = Debug (user-mode)|x64
		{3F40A297-EDF8-4B57-9AC1-AE67BB5C9F38}.Debug (Win32)|x64.ActiveCfg = Debug (user-mode)|x64
		{3F40A297-EDF8-4B57-9AC1-AE67BB5C9F38}.Debug (Win32)|x64.Build.0 = Debug (user-mode)|x64
		{3F40A297-EDF8-4B57-9AC1-AE67BB5C9F38}.Debug (WinKernel)|Win32.ActiveCfg = Debug (user-mode)|x64
		{3F40A297-EDF8-4B57-9AC1-AE67BB5C9F38}.Debug (WinKernel)|x64.ActiveCfg = Debug (user-mode)|x64
		{3F40A297-EDF8-4B57-9AC1-AE67BB5C9F38}.Debug (WinKernel)|x64.Build.0 = Debug (user-mode)|x64
		{3F40A297-EDF8-4B57-9AC1-AE67BB5C9F38}.Debug|Win32.ActiveCfg = Debug|Win32
		{3F40A297-EDF8-4B57-9AC1-AE67BB5C9F38}.Debug|Win32.Build.0 = Debug|Win32
		{3F40A297-EDF8-4B57-9AC1-AE67BB5C9F38}.Debug|x64.ActiveCfg = Debug|x64
		{3F40A297-EDF8-4B57-9AC1-AE67BB5C9F38}.Debug|x64.Build.0 = Debug|x64
		{3F40A297-EDF8-4B57-9AC1-AE67BB5C9F38}.Release (ANSI)|Win32.ActiveCfg = Release (user-mode)|x64
		{3F40A297-EDF8-4B57-9AC1-AE67BB5C9F38}.Release (ANSI)|x64.ActiveCfg = Release (user-mode)|x64
		{3F40A297-EDF8-4B57-9AC1-AE67BB5C9F38}.Release (ANSI)|x64.Build.0 = Release (user-mode)|x64
		{3F40A297-EDF8-4B57-9AC1-AE67BB5C9F38}.Release (Posix)|Win32.ActiveCfg = Release (user-mode)|x64
		{3F40A297-EDF8-4B57-9AC1-AE67BB5C9F38}.Release (Posix)|x64.ActiveCfg = Release (user-mode)|x64
		{3F40A297-EDF8-4B57-9AC1-AE67BB5C9F38}.Release (Posix)|x64.Build.0 = Release (user-mode)|x64
		{3F40A297-EDF8-4B57-9AC1-AE67BB5C9F38}.Release (user-mode)|Win32.ActiveCfg = Release (user-mode)|Win32
		{3F40A297-EDF8-4B57-9AC1-AE67BB5C9F38}.Release (user-mode)|Win32.Build.0 = Release (user-mode)|Win32
		{3F40A297-EDF8-4B57-9AC1-AE67BB5C9F38}.Release (user-mode)|x64.ActiveCfg = Release (user-mode)|x64
		{3F40A297-EDF8-4B57-9AC1-AE67BB5C9F38}.Release (user-mode)|x64.Build.0 = Release (user-mode)|x64
		{3F40A297-EDF8-4B57-9AC1-AE67BB5C9F38}.Release (Win32)|Win32.ActiveCfg = Release (user-mode)|x64
		{3F40A297-EDF8-4B57-9AC1-AE67BB5C9F38}.Release (Win32)|x64.ActiveCfg = Release (user-mode)|x64
		{3F40A297-EDF8-4B57-9AC1-AE67BB5C9F38}.Release (Win32)|x64.Build.0 = Release (user-mode)|x64
		{3F40A297-EDF8-4B57-9AC1-AE67BB5C9F38}.Release (WinKernel)|Win32.ActiveCfg = Release (user-mode)|x64
		{3F40A297-EDF8-4B57-9AC1-AE67BB5C9F38}.Release (WinKernel)|x64.ActiveCfg = Release (user-mode)|x64
		{3F40A297-EDF8-4B57-9AC1-AE67BB5C9F38}.Release (WinKernel)|x64.Build.0 = Release (user-mode)|x64
		{3F40A297-EDF8-4B57-9AC1-AE67BB5C9F38}.Release|Win32.ActiveCfg = Release|Win32
		{3F40A297-EDF8-4B57-9AC1-AE67BB5C9F38}.Release|Win32.Build.0 = Release|Win32
		{3F40A297-EDF8-4B57-9AC1-AE67BB5C9F38}.Release|x64.ActiveCfg = Release|x64
		{3F40A297-EDF8-4B57-9AC1-AE67BB5C9F38}.Release|x64.Build.0 = Release|x64
	EndGlobalSection
	GlobalSection(SolutionProperties) = preSolution
		HideSolutionNode = FALSE
	EndGlobalSection
EndGlobal
