
Microsoft Visual Studio Solution File, Format Version 10.00
# Visual Studio 2008
Project("{8BC9CEB8-8B4A-11D0-8D11-00A0C91BC942}") = "ImageDump", "ImageDump.vcproj", "{555F9542-E620-44C4-B67B-7FD6D498E205}"
	ProjectSection(ProjectDependencies) = postProject
		{52A8644C-BF0C-4A6B-BEB5-18275E2E78F9} = {52A8644C-BF0C-4A6B-BEB5-18275E2E78F9}
		{3F40A297-EDF8-4B57-9AC1-AE67BB5C9F38} = {3F40A297-EDF8-4B57-9AC1-AE67BB5C9F38}
	EndProjectSection
EndProject
Project("{8BC9CEB8-8B4A-11D0-8D11-00A0C91BC942}") = "ImageFormats", "..\ImageFormats\ImageFormats.vcproj", "{3F40A297-EDF8-4B57-9AC1-AE67BB5C9F38}"
EndProject
Project("{8BC9CEB8-8B4A-11D0-8D11-00A0C91BC942}") = "bzswin", "..\..\..\bzslib\bzswin\bzswin.vcproj", "{52A8644C-BF0C-4A6B-BEB5-18275E2E78F9}"
EndProject
Project("{8BC9CEB8-8B4A-11D0-8D11-00A0C91BC942}") = "bzscmn", "..\..\..\bzslib\bzscmn\bzscmn.vcproj", "{7C57B250-1244-4154-B697-3E39F9AAEEE6}"
EndProject
Global
	GlobalSection(SolutionConfigurationPlatforms) = preSolution
		Debug (ANSI)|Win32 = Debug (ANSI)|Win32
		Debug (ANSI)|Windows Mobile 5.0 Pocket PC SDK (ARMV4I) = Debug (ANSI)|Windows Mobile 5.0 Pocket PC SDK (ARMV4I)
		Debug (ANSI)|x64 = Debug (ANSI)|x64
		Debug (static CRT)|Win32 = Debug (static CRT)|Win32
		Debug (static CRT)|Windows Mobile 5.0 Pocket PC SDK (ARMV4I) = Debug (static CRT)|Windows Mobile 5.0 Pocket PC SDK (ARMV4I)
		Debug (static CRT)|x64 = Debug (static CRT)|x64
		Debug (user-mode)|Win32 = Debug (user-mode)|Win32
		Debug (user-mode)|Windows Mobile 5.0 Pocket PC SDK (ARMV4I) = Debug (user-mode)|Windows Mobile 5.0 Pocket PC SDK (ARMV4I)
		Debug (user-mode)|x64 = Debug (user-mode)|x64
		Debug|Win32 = Debug|Win32
		Debug|Windows Mobile 5.0 Pocket PC SDK (ARMV4I) = Debug|Windows Mobile 5.0 Pocket PC SDK (ARMV4I)
		Debug|x64 = Debug|x64
		Release (ANSI)|Win32 = Release (ANSI)|Win32
		Release (ANSI)|Windows Mobile 5.0 Pocket PC SDK (ARMV4I) = Release (ANSI)|Windows Mobile 5.0 Pocket PC SDK (ARMV4I)
		Release (ANSI)|x64 = Release (ANSI)|x64
		Release (static CRT)|Win32 = Release (static CRT)|Win32
		Release (static CRT)|Windows Mobile 5.0 Pocket PC SDK (ARMV4I) = Release (static CRT)|Windows Mobile 5.0 Pocket PC SDK (ARMV4I)
		Release (static CRT)|x64 = Release (static CRT)|x64
		Release|Win32 = Release|Win32
		Release|Windows Mobile 5.0 Pocket PC SDK (ARMV4I) = Release|Windows Mobile 5.0 Pocket PC SDK (ARMV4I)
		Release|x64 = Release|x64
	EndGlobalSection
	GlobalSection(ProjectConfigurationPlatforms) = postSolution
		{555F9542-E620-44C4-B67B-7FD6D498E205}.Debug (ANSI)|Win32.ActiveCfg = Debug|Win32
		{555F9542-E620-44C4-B67B-7FD6D498E205}.Debug (ANSI)|Win32.Build.0 = Debug|Win32
		{555F9542-E620-44C4-B67B-7FD6D498E205}.Debug (ANSI)|Windows Mobile 5.0 Pocket PC SDK (ARMV4I).ActiveCfg = Debug|Win32
		{555F9542-E620-44C4-B67B-7FD6D498E205}.Debug (ANSI)|x64.ActiveCfg = Debug|Win32
		{555F9542-E620-44C4-B67B-7FD6D498E205}.Debug (static CRT)|Win32.ActiveCfg = Debug|Win32
		{555F9542-E620-44C4-B67B-7FD6D498E205}.Debug (static CRT)|Win32.Build.0 = Debug|Win32
		{555F9542-E620-44C4-B67B-7FD6D498E205}.Debug (static CRT)|Windows Mobile 5.0 Pocket PC SDK (ARMV4I).ActiveCfg = Debug|Win32
		{555F9542-E620-44C4-B67B-7FD6D498E205}.Debug (static CRT)|x64.ActiveCfg = Debug|Win32
		{555F9542-E620-44C4-B67B-7FD6D498E205}.Debug (user-mode)|Win32.ActiveCfg = Debug|Win32
		{555F9542-E620-44C4-B67B-7FD6D498E205}.Debug (user-mode)|Win32.Build.0 = Debug|Win32
		{555F9542-E620-44C4-B67B-7FD6D498E205}.Debug (user-mode)|Windows Mobile 5.0 Pocket PC SDK (ARMV4I).ActiveCfg = Debug|Win32
		{555F9542-E620-44C4-B67B-7FD6D498E205}.Debug (user-mode)|x64.ActiveCfg = Debug|Win32
		{555F9542-E620-44C4-B67B-7FD6D498E205}.Debug|Win32.ActiveCfg = Debug|Win32
		{555F9542-E620-44C4-B67B-7FD6D498E205}.Debug|Win32.Build.0 = Debug|Win32
		{555F9542-E620-44C4-B67B-7FD6D498E205}.Debug|Windows Mobile 5.0 Pocket PC SDK (ARMV4I).ActiveCfg = Debug|Win32
		{555F9542-E620-44C4-B67B-7FD6D498E205}.Debug|x64.ActiveCfg = Debug|Win32
		{555F9542-E620-44C4-B67B-7FD6D498E205}.Release (ANSI)|Win32.ActiveCfg = Release|Win32
		{555F9542-E620-44C4-B67B-7FD6D498E205}.Release (ANSI)|Win32.Build.0 = Release|Win32
		{555F9542-E620-44C4-B67B-7FD6D498E205}.Release (ANSI)|Windows Mobile 5.0 Pocket PC SDK (ARMV4I).ActiveCfg = Release|Win32
		{555F9542-E620-44C4-B67B-7FD6D498E205}.Release (ANSI)|x64.ActiveCfg = Release|Win32
		{555F9542-E620-44C4-B67B-7FD6D498E205}.Release (static CRT)|Win32.ActiveCfg = Release|Win32
		{555F9542-E620-44C4-B67B-7FD6D498E205}.Release (static CRT)|Win32.Build.0 = Release|Win32
		{555F9542-E620-44C4-B67B-7FD6D498E205}.Release (static CRT)|Windows Mobile 5.0 Pocket PC SDK (ARMV4I).ActiveCfg = Release|Win32
		{555F9542-E620-44C4-B67B-7FD6D498E205}.Release (static CRT)|x64.ActiveCfg = Release|Win32
		{555F9542-E620-44C4-B67B-7FD6D498E205}.Release|Win32.ActiveCfg = Release|Win32
		{555F9542-E620-44C4-B67B-7FD6D498E205}.Release|Win32.Build.0 = Release|Win32
		{555F9542-E620-44C4-B67B-7FD6D498E205}.Release|Windows Mobile 5.0 Pocket PC SDK (ARMV4I).ActiveCfg = Release|Win32
		{555F9542-E620-44C4-B67B-7FD6D498E205}.Release|x64.ActiveCfg = Release|Win32
		{3F40A297-EDF8-4B57-9AC1-AE67BB5C9F38}.Debug (ANSI)|Win32.ActiveCfg = Debug (user-mode)|x64
		{3F40A297-EDF8-4B57-9AC1-AE67BB5C9F38}.Debug (ANSI)|Windows Mobile 5.0 Pocket PC SDK (ARMV4I).ActiveCfg = Debug (user-mode)|x64
		{3F40A297-EDF8-4B57-9AC1-AE67BB5C9F38}.Debug (ANSI)|x64.ActiveCfg = Debug (user-mode)|x64
		{3F40A297-EDF8-4B57-9AC1-AE67BB5C9F38}.Debug (ANSI)|x64.Build.0 = Debug (user-mode)|x64
		{3F40A297-EDF8-4B57-9AC1-AE67BB5C9F38}.Debug (static CRT)|Win32.ActiveCfg = Debug (user-mode)|x64
		{3F40A297-EDF8-4B57-9AC1-AE67BB5C9F38}.Debug (static CRT)|Windows Mobile 5.0 Pocket PC SDK (ARMV4I).ActiveCfg = Debug (user-mode)|x64
		{3F40A297-EDF8-4B57-9AC1-AE67BB5C9F38}.Debug (static CRT)|x64.ActiveCfg = Debug (user-mode)|x64
		{3F40A297-EDF8-4B57-9AC1-AE67BB5C9F38}.Debug (static CRT)|x64.Build.0 = Debug (user-mode)|x64
		{3F40A297-EDF8-4B57-9AC1-AE67BB5C9F38}.Debug (user-mode)|Win32.ActiveCfg = Debug (user-mode)|Win32
		{3F40A297-EDF8-4B57-9AC1-AE67BB5C9F38}.Debug (user-mode)|Win32.Build.0 = Debug (user-mode)|Win32
		{3F40A297-EDF8-4B57-9AC1-AE67BB5C9F38}.Debug (user-mode)|Windows Mobile 5.0 Pocket PC SDK (ARMV4I).ActiveCfg = Debug (user-mode)|Win32
		{3F40A297-EDF8-4B57-9AC1-AE67BB5C9F38}.Debug (user-mode)|x64.ActiveCfg = Debug (user-mode)|x64
		{3F40A297-EDF8-4B57-9AC1-AE67BB5C9F38}.Debug (user-mode)|x64.Build.0 = Debug (user-mode)|x64
		{3F40A297-EDF8-4B57-9AC1-AE67BB5C9F38}.Debug|Win32.ActiveCfg = Debug (user-mode)|Win32
		{3F40A297-EDF8-4B57-9AC1-AE67BB5C9F38}.Debug|Win32.Build.0 = Debug (user-mode)|Win32
		{3F40A297-EDF8-4B57-9AC1-AE67BB5C9F38}.Debug|Windows Mobile 5.0 Pocket PC SDK (ARMV4I).ActiveCfg = Debug|Win32
		{3F40A297-EDF8-4B57-9AC1-AE67BB5C9F38}.Debug|x64.ActiveCfg = Debug|x64
		{3F40A297-EDF8-4B57-9AC1-AE67BB5C9F38}.Debug|x64.Build.0 = Debug|x64
		{3F40A297-EDF8-4B57-9AC1-AE67BB5C9F38}.Release (ANSI)|Win32.ActiveCfg = Release|x64
		{3F40A297-EDF8-4B57-9AC1-AE67BB5C9F38}.Release (ANSI)|Windows Mobile 5.0 Pocket PC SDK (ARMV4I).ActiveCfg = Release|x64
		{3F40A297-EDF8-4B57-9AC1-AE67BB5C9F38}.Release (ANSI)|x64.ActiveCfg = Release|x64
		{3F40A297-EDF8-4B57-9AC1-AE67BB5C9F38}.Release (ANSI)|x64.Build.0 = Release|x64
		{3F40A297-EDF8-4B57-9AC1-AE67BB5C9F38}.Release (static CRT)|Win32.ActiveCfg = Release|x64
		{3F40A297-EDF8-4B57-9AC1-AE67BB5C9F38}.Release (static CRT)|Windows Mobile 5.0 Pocket PC SDK (ARMV4I).ActiveCfg = Release|x64
		{3F40A297-EDF8-4B57-9AC1-AE67BB5C9F38}.Release (static CRT)|x64.ActiveCfg = Release|x64
		{3F40A297-EDF8-4B57-9AC1-AE67BB5C9F38}.Release (static CRT)|x64.Build.0 = Release|x64
		{3F40A297-EDF8-4B57-9AC1-AE67BB5C9F38}.Release|Win32.ActiveCfg = Release|Win32
		{3F40A297-EDF8-4B57-9AC1-AE67BB5C9F38}.Release|Win32.Build.0 = Release|Win32
		{3F40A297-EDF8-4B57-9AC1-AE67BB5C9F38}.Release|Windows Mobile 5.0 Pocket PC SDK (ARMV4I).ActiveCfg = Release|Win32
		{3F40A297-EDF8-4B57-9AC1-AE67BB5C9F38}.Release|x64.ActiveCfg = Release|x64
		{3F40A297-EDF8-4B57-9AC1-AE67BB5C9F38}.Release|x64.Build.0 = Release|x64
		{52A8644C-BF0C-4A6B-BEB5-18275E2E78F9}.Debug (ANSI)|Win32.ActiveCfg = Debug (ANSI)|Win32
		{52A8644C-BF0C-4A6B-BEB5-18275E2E78F9}.Debug (ANSI)|Win32.Build.0 = Debug (ANSI)|Win32
		{52A8644C-BF0C-4A6B-BEB5-18275E2E78F9}.Debug (ANSI)|Windows Mobile 5.0 Pocket PC SDK (ARMV4I).ActiveCfg = Debug (ANSI)|Windows Mobile 5.0 Pocket PC SDK (ARMV4I)
		{52A8644C-BF0C-4A6B-BEB5-18275E2E78F9}.Debug (ANSI)|Windows Mobile 5.0 Pocket PC SDK (ARMV4I).Build.0 = Debug (ANSI)|Windows Mobile 5.0 Pocket PC SDK (ARMV4I)
		{52A8644C-BF0C-4A6B-BEB5-18275E2E78F9}.Debug (ANSI)|Windows Mobile 5.0 Pocket PC SDK (ARMV4I).Deploy.0 = Debug (ANSI)|Windows Mobile 5.0 Pocket PC SDK (ARMV4I)
		{52A8644C-BF0C-4A6B-BEB5-18275E2E78F9}.Debug (ANSI)|x64.ActiveCfg = Debug (ANSI)|x64
		{52A8644C-BF0C-4A6B-BEB5-18275E2E78F9}.Debug (ANSI)|x64.Build.0 = Debug (ANSI)|x64
		{52A8644C-BF0C-4A6B-BEB5-18275E2E78F9}.Debug (static CRT)|Win32.ActiveCfg = Debug (static CRT)|Win32
		{52A8644C-BF0C-4A6B-BEB5-18275E2E78F9}.Debug (static CRT)|Win32.Build.0 = Debug (static CRT)|Win32
		{52A8644C-BF0C-4A6B-BEB5-18275E2E78F9}.Debug (static CRT)|Windows Mobile 5.0 Pocket PC SDK (ARMV4I).ActiveCfg = Debug (static CRT)|Windows Mobile 5.0 Pocket PC SDK (ARMV4I)
		{52A8644C-BF0C-4A6B-BEB5-18275E2E78F9}.Debug (static CRT)|Windows Mobile 5.0 Pocket PC SDK (ARMV4I).Build.0 = Debug (static CRT)|Windows Mobile 5.0 Pocket PC SDK (ARMV4I)
		{52A8644C-BF0C-4A6B-BEB5-18275E2E78F9}.Debug (static CRT)|Windows Mobile 5.0 Pocket PC SDK (ARMV4I).Deploy.0 = Debug (static CRT)|Windows Mobile 5.0 Pocket PC SDK (ARMV4I)
		{52A8644C-BF0C-4A6B-BEB5-18275E2E78F9}.Debug (static CRT)|x64.ActiveCfg = Debug (static CRT)|x64
		{52A8644C-BF0C-4A6B-BEB5-18275E2E78F9}.Debug (static CRT)|x64.Build.0 = Debug (static CRT)|x64
		{52A8644C-BF0C-4A6B-BEB5-18275E2E78F9}.Debug (user-mode)|Win32.ActiveCfg = Debug (static CRT)|x64
		{52A8644C-BF0C-4A6B-BEB5-18275E2E78F9}.Debug (user-mode)|Windows Mobile 5.0 Pocket PC SDK (ARMV4I).ActiveCfg = Debug (static CRT)|x64
		{52A8644C-BF0C-4A6B-BEB5-18275E2E78F9}.Debug (user-mode)|x64.ActiveCfg = Debug (static CRT)|x64
		{52A8644C-BF0C-4A6B-BEB5-18275E2E78F9}.Debug (user-mode)|x64.Build.0 = Debug (static CRT)|x64
		{52A8644C-BF0C-4A6B-BEB5-18275E2E78F9}.Debug|Win32.ActiveCfg = Debug|Win32
		{52A8644C-BF0C-4A6B-BEB5-18275E2E78F9}.Debug|Win32.Build.0 = Debug|Win32
		{52A8644C-BF0C-4A6B-BEB5-18275E2E78F9}.Debug|Windows Mobile 5.0 Pocket PC SDK (ARMV4I).ActiveCfg = Debug|Windows Mobile 5.0 Pocket PC SDK (ARMV4I)
		{52A8644C-BF0C-4A6B-BEB5-18275E2E78F9}.Debug|Windows Mobile 5.0 Pocket PC SDK (ARMV4I).Build.0 = Debug|Windows Mobile 5.0 Pocket PC SDK (ARMV4I)
		{52A8644C-BF0C-4A6B-BEB5-18275E2E78F9}.Debug|Windows Mobile 5.0 Pocket PC SDK (ARMV4I).Deploy.0 = Debug|Windows Mobile 5.0 Pocket PC SDK (ARMV4I)
		{52A8644C-BF0C-4A6B-BEB5-18275E2E78F9}.Debug|x64.ActiveCfg = Debug|x64
		{52A8644C-BF0C-4A6B-BEB5-18275E2E78F9}.Debug|x64.Build.0 = Debug|x64
		{52A8644C-BF0C-4A6B-BEB5-18275E2E78F9}.Release (ANSI)|Win32.ActiveCfg = Release (ANSI)|Win32
		{52A8644C-BF0C-4A6B-BEB5-18275E2E78F9}.Release (ANSI)|Win32.Build.0 = Release (ANSI)|Win32
		{52A8644C-BF0C-4A6B-BEB5-18275E2E78F9}.Release (ANSI)|Windows Mobile 5.0 Pocket PC SDK (ARMV4I).ActiveCfg = Release (ANSI)|Windows Mobile 5.0 Pocket PC SDK (ARMV4I)
		{52A8644C-BF0C-4A6B-BEB5-18275E2E78F9}.Release (ANSI)|Windows Mobile 5.0 Pocket PC SDK (ARMV4I).Build.0 = Release (ANSI)|Windows Mobile 5.0 Pocket PC SDK (ARMV4I)
		{52A8644C-BF0C-4A6B-BEB5-18275E2E78F9}.Release (ANSI)|Windows Mobile 5.0 Pocket PC SDK (ARMV4I).Deploy.0 = Release (ANSI)|Windows Mobile 5.0 Pocket PC SDK (ARMV4I)
		{52A8644C-BF0C-4A6B-BEB5-18275E2E78F9}.Release (ANSI)|x64.ActiveCfg = Release (ANSI)|x64
		{52A8644C-BF0C-4A6B-BEB5-18275E2E78F9}.Release (ANSI)|x64.Build.0 = Release (ANSI)|x64
		{52A8644C-BF0C-4A6B-BEB5-18275E2E78F9}.Release (static CRT)|Win32.ActiveCfg = Release (static CRT)|Win32
		{52A8644C-BF0C-4A6B-BEB5-18275E2E78F9}.Release (static CRT)|Win32.Build.0 = Release (static CRT)|Win32
		{52A8644C-BF0C-4A6B-BEB5-18275E2E78F9}.Release (static CRT)|Windows Mobile 5.0 Pocket PC SDK (ARMV4I).ActiveCfg = Release (static CRT)|Windows Mobile 5.0 Pocket PC SDK (ARMV4I)
		{52A8644C-BF0C-4A6B-BEB5-18275E2E78F9}.Release (static CRT)|Windows Mobile 5.0 Pocket PC SDK (ARMV4I).Build.0 = Release (static CRT)|Windows Mobile 5.0 Pocket PC SDK (ARMV4I)
		{52A8644C-BF0C-4A6B-BEB5-18275E2E78F9}.Release (static CRT)|Windows Mobile 5.0 Pocket PC SDK (ARMV4I).Deploy.0 = Release (static CRT)|Windows Mobile 5.0 Pocket PC SDK (ARMV4I)
		{52A8644C-BF0C-4A6B-BEB5-18275E2E78F9}.Release (static CRT)|x64.ActiveCfg = Release (static CRT)|x64
		{52A8644C-BF0C-4A6B-BEB5-18275E2E78F9}.Release (static CRT)|x64.Build.0 = Release (static CRT)|x64
		{52A8644C-BF0C-4A6B-BEB5-18275E2E78F9}.Release|Win32.ActiveCfg = Release|Win32
		{52A8644C-BF0C-4A6B-BEB5-18275E2E78F9}.Release|Win32.Build.0 = Release|Win32
		{52A8644C-BF0C-4A6B-BEB5-18275E2E78F9}.Release|Windows Mobile 5.0 Pocket PC SDK (ARMV4I).ActiveCfg = Release|Windows Mobile 5.0 Pocket PC SDK (ARMV4I)
		{52A8644C-BF0C-4A6B-BEB5-18275E2E78F9}.Release|Windows Mobile 5.0 Pocket PC SDK (ARMV4I).Build.0 = Release|Windows Mobile 5.0 Pocket PC SDK (ARMV4I)
		{52A8644C-BF0C-4A6B-BEB5-18275E2E78F9}.Release|Windows Mobile 5.0 Pocket PC SDK (ARMV4I).Deploy.0 = Release|Windows Mobile 5.0 Pocket PC SDK (ARMV4I)
		{52A8644C-BF0C-4A6B-BEB5-18275E2E78F9}.Release|x64.ActiveCfg = Release|x64
		{52A8644C-BF0C-4A6B-BEB5-18275E2E78F9}.Release|x64.Build.0 = Release|x64
		{7C57B250-1244-4154-B697-3E39F9AAEEE6}.Debug (ANSI)|Win32.ActiveCfg = Debug|x64
		{7C57B250-1244-4154-B697-3E39F9AAEEE6}.Debug (ANSI)|Windows Mobile 5.0 Pocket PC SDK (ARMV4I).ActiveCfg = Debug|x64
		{7C57B250-1244-4154-B697-3E39F9AAEEE6}.Debug (ANSI)|x64.ActiveCfg = Debug|x64
		{7C57B250-1244-4154-B697-3E39F9AAEEE6}.Debug (ANSI)|x64.Build.0 = Debug|x64
		{7C57B250-1244-4154-B697-3E39F9AAEEE6}.Debug (static CRT)|Win32.ActiveCfg = Debug|x64
		{7C57B250-1244-4154-B697-3E39F9AAEEE6}.Debug (static CRT)|Windows Mobile 5.0 Pocket PC SDK (ARMV4I).ActiveCfg = Debug|x64
		{7C57B250-1244-4154-B697-3E39F9AAEEE6}.Debug (static CRT)|x64.ActiveCfg = Debug|x64
		{7C57B250-1244-4154-B697-3E39F9AAEEE6}.Debug (static CRT)|x64.Build.0 = Debug|x64
		{7C57B250-1244-4154-B697-3E39F9AAEEE6}.Debug (user-mode)|Win32.ActiveCfg = Debug|x64
		{7C57B250-1244-4154-B697-3E39F9AAEEE6}.Debug (user-mode)|Windows Mobile 5.0 Pocket PC SDK (ARMV4I).ActiveCfg = Debug|x64
		{7C57B250-1244-4154-B697-3E39F9AAEEE6}.Debug (user-mode)|x64.ActiveCfg = Debug|x64
		{7C57B250-1244-4154-B697-3E39F9AAEEE6}.Debug (user-mode)|x64.Build.0 = Debug|x64
		{7C57B250-1244-4154-B697-3E39F9AAEEE6}.Debug|Win32.ActiveCfg = Debug|Win32
		{7C57B250-1244-4154-B697-3E39F9AAEEE6}.Debug|Win32.Build.0 = Debug|Win32
		{7C57B250-1244-4154-B697-3E39F9AAEEE6}.Debug|Windows Mobile 5.0 Pocket PC SDK (ARMV4I).ActiveCfg = Debug|Win32
		{7C57B250-1244-4154-B697-3E39F9AAEEE6}.Debug|x64.ActiveCfg = Debug|x64
		{7C57B250-1244-4154-B697-3E39F9AAEEE6}.Debug|x64.Build.0 = Debug|x64
		{7C57B250-1244-4154-B697-3E39F9AAEEE6}.Release (ANSI)|Win32.ActiveCfg = Release|x64
		{7C57B250-1244-4154-B697-3E39F9AAEEE6}.Release (ANSI)|Windows Mobile 5.0 Pocket PC SDK (ARMV4I).ActiveCfg = Release|x64
		{7C57B250-1244-4154-B697-3E39F9AAEEE6}.Release (ANSI)|x64.ActiveCfg = Release|x64
		{7C57B250-1244-4154-B697-3E39F9AAEEE6}.Release (ANSI)|x64.Build.0 = Release|x64
		{7C57B250-1244-4154-B697-3E39F9AAEEE6}.Release (static CRT)|Win32.ActiveCfg = Release|x64
		{7C57B250-1244-4154-B697-3E39F9AAEEE6}.Release (static CRT)|Windows Mobile 5.0 Pocket PC SDK (ARMV4I).ActiveCfg = Release|x64
		{7C57B250-1244-4154-B697-3E39F9AAEEE6}.Release (static CRT)|x64.ActiveCfg = Release|x64
		{7C57B250-1244-4154-B697-3E39F9AAEEE6}.Release (static CRT)|x64.Build.0 = Release|x64
		{7C57B250-1244-4154-B697-3E39F9AAEEE6}.Release|Win32.ActiveCfg = Release|Win32
		{7C57B250-1244-4154-B697-3E39F9AAEEE6}.Release|Win32.Build.0 = Release|Win32
		{7C57B250-1244-4154-B697-3E39F9AAEEE6}.Release|Windows Mobile 5.0 Pocket PC SDK (ARMV4I).ActiveCfg = Release|Win32
		{7C57B250-1244-4154-B697-3E39F9AAEEE6}.Release|x64.ActiveCfg = Release|x64
		{7C57B250-1244-4154-B697-3E39F9AAEEE6}.Release|x64.Build.0 = Release|x64
	EndGlobalSection
	GlobalSection(SolutionProperties) = preSolution
		HideSolutionNode = FALSE
	EndGlobalSection
EndGlobal
